
Microsoft Visual Studio Solution File, Format Version 12.00
# Visual Studio 15
VisualStudioVersion = 15.0.28306.52
MinimumVisualStudioVersion = 10.0.40219.1
Project("{FAE04EC0-301F-11D3-BF4B-00C04F79EFBC}") = "WhistProject", "WhistProject\WhistProject.csproj", "{DDDD4DD0-9314-4906-943A-7C2BF0A4A55E}"
EndProject
Project("{FAE04EC0-301F-11D3-BF4B-00C04F79EFBC}") = "ConsoleApp1", "ConsoleApp1\ConsoleApp1.csproj", "{8CACBDFC-3920-4EC9-8DFF-129EB8D42054}"
EndProject
Global
	GlobalSection(SolutionConfigurationPlatforms) = preSolution
		Debug|Any CPU = Debug|Any CPU
		Release|Any CPU = Release|Any CPU
	EndGlobalSection
	GlobalSection(ProjectConfigurationPlatforms) = postSolution
		{DDDD4DD0-9314-4906-943A-7C2BF0A4A55E}.Debug|Any CPU.ActiveCfg = Debug|Any CPU
		{DDDD4DD0-9314-4906-943A-7C2BF0A4A55E}.Debug|Any CPU.Build.0 = Debug|Any CPU
		{DDDD4DD0-9314-4906-943A-7C2BF0A4A55E}.Release|Any CPU.ActiveCfg = Release|Any CPU
		{DDDD4DD0-9314-4906-943A-7C2BF0A4A55E}.Release|Any CPU.Build.0 = Release|Any CPU
		{8CACBDFC-3920-4EC9-8DFF-129EB8D42054}.Debug|Any CPU.ActiveCfg = Debug|Any CPU
		{8CACBDFC-3920-4EC9-8DFF-129EB8D42054}.Debug|Any CPU.Build.0 = Debug|Any CPU
		{8CACBDFC-3920-4EC9-8DFF-129EB8D42054}.Release|Any CPU.ActiveCfg = Release|Any CPU
		{8CACBDFC-3920-4EC9-8DFF-129EB8D42054}.Release|Any CPU.Build.0 = Release|Any CPU
	EndGlobalSection
	GlobalSection(SolutionProperties) = preSolution
		HideSolutionNode = FALSE
	EndGlobalSection
	GlobalSection(ExtensibilityGlobals) = postSolution
		SolutionGuid = {F5310AD6-ECE7-481E-8C07-32345DAF473F}
	EndGlobalSection
EndGlobal
